// !$*UTF8*$!
{
	archiveVersion = 1;
	classes = {
	};
	objectVersion = 56;
	objects = {

/* Begin PBXBuildFile section */
		878C0A532B86523F00781853 /* WebView.swift in Sources */ = {isa = PBXBuildFile; fileRef = 8734E7B02B865065009D81F1 /* WebView.swift */; };
		878C0A542B86523F00781853 /* MainVC.swift in Sources */ = {isa = PBXBuildFile; fileRef = 8734E7AE2B865040009D81F1 /* MainVC.swift */; };
		878C0A552B86523F00781853 /* HTTPURLResponse+Ext.swift in Sources */ = {isa = PBXBuildFile; fileRef = 8734E7AB2B865014009D81F1 /* HTTPURLResponse+Ext.swift */; };
		878C0A562B86523F00781853 /* WebView+Ext.swift in Sources */ = {isa = PBXBuildFile; fileRef = 8734E7AA2B865014009D81F1 /* WebView+Ext.swift */; };
		878C0A572B86525700781853 /* AppDelegate.swift in Sources */ = {isa = PBXBuildFile; fileRef = FCB28EB728D358A5008273D4 /* AppDelegate.swift */; };
		878C0A582B86525700781853 /* SceneDelegate.swift in Sources */ = {isa = PBXBuildFile; fileRef = FCB28EB928D358A5008273D4 /* SceneDelegate.swift */; };
		878C0A592B86525700781853 /* WebViewViewController.swift in Sources */ = {isa = PBXBuildFile; fileRef = FCB28ECB28D35937008273D4 /* WebViewViewController.swift */; };
		878C0A5A2B86527800781853 /* ApiEndpoint.swift in Sources */ = {isa = PBXBuildFile; fileRef = 8734E7A12B864FE2009D81F1 /* ApiEndpoint.swift */; };
		878C0A5B2B86527800781853 /* ApiManager.swift in Sources */ = {isa = PBXBuildFile; fileRef = 8734E7A22B864FE2009D81F1 /* ApiManager.swift */; };
		878C0A5C2B86527800781853 /* ApiManagerError.swift in Sources */ = {isa = PBXBuildFile; fileRef = 8734E7A32B864FE2009D81F1 /* ApiManagerError.swift */; };
		878C0A5E2B8655E700781853 /* index.html in Resources */ = {isa = PBXBuildFile; fileRef = 878C0A5D2B8655E700781853 /* index.html */; };
		FCB28EC128D358A7008273D4 /* Assets.xcassets in Resources */ = {isa = PBXBuildFile; fileRef = FCB28EC028D358A7008273D4 /* Assets.xcassets */; };
		FCB28EC428D358A7008273D4 /* LaunchScreen.storyboard in Resources */ = {isa = PBXBuildFile; fileRef = FCB28EC228D358A7008273D4 /* LaunchScreen.storyboard */; };
		FCD5369328DB50EA0037152A /* webview_script.js in Resources */ = {isa = PBXBuildFile; fileRef = FCD5369228DB50EA0037152A /* webview_script.js */; };
/* End PBXBuildFile section */

/* Begin PBXFileReference section */
		8734E7A12B864FE2009D81F1 /* ApiEndpoint.swift */ = {isa = PBXFileReference; lastKnownFileType = sourcecode.swift; name = ApiEndpoint.swift; path = SmartCaptureDemo/Network/ApiEndpoint.swift; sourceTree = "<group>"; };
		8734E7A22B864FE2009D81F1 /* ApiManager.swift */ = {isa = PBXFileReference; lastKnownFileType = sourcecode.swift; name = ApiManager.swift; path = SmartCaptureDemo/Network/ApiManager.swift; sourceTree = "<group>"; };
		8734E7A32B864FE2009D81F1 /* ApiManagerError.swift */ = {isa = PBXFileReference; lastKnownFileType = sourcecode.swift; name = ApiManagerError.swift; path = SmartCaptureDemo/Network/ApiManagerError.swift; sourceTree = "<group>"; };
		8734E7A72B864FF9009D81F1 /* Extension */ = {isa = PBXFileReference; lastKnownFileType = folder; name = Extension; path = SmartCaptureDemo/Extension; sourceTree = "<group>"; };
		8734E7AA2B865014009D81F1 /* WebView+Ext.swift */ = {isa = PBXFileReference; lastKnownFileType = sourcecode.swift; name = "WebView+Ext.swift"; path = "SmartCaptureDemo/Extension/WebView+Ext.swift"; sourceTree = "<group>"; };
		8734E7AB2B865014009D81F1 /* HTTPURLResponse+Ext.swift */ = {isa = PBXFileReference; lastKnownFileType = sourcecode.swift; name = "HTTPURLResponse+Ext.swift"; path = "SmartCaptureDemo/Extension/HTTPURLResponse+Ext.swift"; sourceTree = "<group>"; };
		8734E7AE2B865040009D81F1 /* MainVC.swift */ = {isa = PBXFileReference; lastKnownFileType = sourcecode.swift; name = MainVC.swift; path = SmartCaptureDemo/MainVC.swift; sourceTree = "<group>"; };
		8734E7B02B865065009D81F1 /* WebView.swift */ = {isa = PBXFileReference; lastKnownFileType = sourcecode.swift; name = WebView.swift; path = SmartCaptureDemo/WebView.swift; sourceTree = "<group>"; };
		878C0A5D2B8655E700781853 /* index.html */ = {isa = PBXFileReference; lastKnownFileType = text.html; name = index.html; path = SmartCaptureDemo/index.html; sourceTree = "<group>"; };
		B3BF755D296DB395007FA070 /* ConnectionView.swift */ = {isa = PBXFileReference; lastKnownFileType = sourcecode.swift; path = ConnectionView.swift; sourceTree = "<group>"; };
		B3BF755F29704D50007FA070 /* Reachability.swift */ = {isa = PBXFileReference; lastKnownFileType = sourcecode.swift; path = Reachability.swift; sourceTree = "<group>"; };
		FCB28EB428D358A5008273D4 /* SmartCaptureDemo.app */ = {isa = PBXFileReference; explicitFileType = wrapper.application; includeInIndex = 0; path = SmartCaptureDemo.app; sourceTree = BUILT_PRODUCTS_DIR; };
		FCB28EB728D358A5008273D4 /* AppDelegate.swift */ = {isa = PBXFileReference; lastKnownFileType = sourcecode.swift; path = AppDelegate.swift; sourceTree = "<group>"; };
		FCB28EB928D358A5008273D4 /* SceneDelegate.swift */ = {isa = PBXFileReference; lastKnownFileType = sourcecode.swift; path = SceneDelegate.swift; sourceTree = "<group>"; };
		FCB28EC028D358A7008273D4 /* Assets.xcassets */ = {isa = PBXFileReference; lastKnownFileType = folder.assetcatalog; path = Assets.xcassets; sourceTree = "<group>"; };
		FCB28EC328D358A7008273D4 /* Base */ = {isa = PBXFileReference; lastKnownFileType = file.storyboard; name = Base; path = Base.lproj/LaunchScreen.storyboard; sourceTree = "<group>"; };
		FCB28EC528D358A7008273D4 /* Info.plist */ = {isa = PBXFileReference; lastKnownFileType = text.plist.xml; path = Info.plist; sourceTree = "<group>"; };
		FCB28ECB28D35937008273D4 /* WebViewViewController.swift */ = {isa = PBXFileReference; lastKnownFileType = sourcecode.swift; path = WebViewViewController.swift; sourceTree = "<group>"; };
		FCD5369228DB50EA0037152A /* webview_script.js */ = {isa = PBXFileReference; lastKnownFileType = sourcecode.javascript; path = webview_script.js; sourceTree = "<group>"; };
/* End PBXFileReference section */

/* Begin PBXFrameworksBuildPhase section */
		FCB28EB128D358A5008273D4 /* Frameworks */ = {
			isa = PBXFrameworksBuildPhase;
			buildActionMask = 2147483647;
			files = (
			);
			runOnlyForDeploymentPostprocessing = 0;
		};
/* End PBXFrameworksBuildPhase section */

/* Begin PBXGroup section */
		FCB28EAB28D358A5008273D4 = {
			isa = PBXGroup;
			children = (
				878C0A5D2B8655E700781853 /* index.html */,
				8734E7B02B865065009D81F1 /* WebView.swift */,
				8734E7AE2B865040009D81F1 /* MainVC.swift */,
				8734E7AB2B865014009D81F1 /* HTTPURLResponse+Ext.swift */,
				8734E7AA2B865014009D81F1 /* WebView+Ext.swift */,
				8734E7A72B864FF9009D81F1 /* Extension */,
				8734E7A12B864FE2009D81F1 /* ApiEndpoint.swift */,
				8734E7A22B864FE2009D81F1 /* ApiManager.swift */,
				8734E7A32B864FE2009D81F1 /* ApiManagerError.swift */,
				FCB28EB628D358A5008273D4 /* SmartCaptureDemo */,
				FCB28EB528D358A5008273D4 /* Products */,
			);
			sourceTree = "<group>";
		};
		FCB28EB528D358A5008273D4 /* Products */ = {
			isa = PBXGroup;
			children = (
				FCB28EB428D358A5008273D4 /* SmartCaptureDemo.app */,
			);
			name = Products;
			sourceTree = "<group>";
		};
		FCB28EB628D358A5008273D4 /* SmartCaptureDemo */ = {
			isa = PBXGroup;
			children = (
				FCB28EB728D358A5008273D4 /* AppDelegate.swift */,
				FCB28EB928D358A5008273D4 /* SceneDelegate.swift */,
				FCB28ECB28D35937008273D4 /* WebViewViewController.swift */,
				B3BF755F29704D50007FA070 /* Reachability.swift */,
				B3BF755D296DB395007FA070 /* ConnectionView.swift */,
				FCD5369228DB50EA0037152A /* webview_script.js */,
				FCB28EC028D358A7008273D4 /* Assets.xcassets */,
				FCB28EC228D358A7008273D4 /* LaunchScreen.storyboard */,
				FCB28EC528D358A7008273D4 /* Info.plist */,
			);
			path = SmartCaptureDemo;
			sourceTree = "<group>";
		};
/* End PBXGroup section */

/* Begin PBXNativeTarget section */
		FCB28EB328D358A5008273D4 /* SmartCaptureDemo */ = {
			isa = PBXNativeTarget;
			buildConfigurationList = FCB28EC828D358A7008273D4 /* Build configuration list for PBXNativeTarget "SmartCaptureDemo" */;
			buildPhases = (
				878C0A5F2B8E1AC700781853 /* Run Script */,
				FCB28EB128D358A5008273D4 /* Frameworks */,
				FCB28EB228D358A5008273D4 /* Resources */,
				878C0A522B86523300781853 /* Sources */,
			);
			buildRules = (
			);
			dependencies = (
			);
			name = SmartCaptureDemo;
			packageProductDependencies = (
			);
			productName = WebViewiOS;
			productReference = FCB28EB428D358A5008273D4 /* SmartCaptureDemo.app */;
			productType = "com.apple.product-type.application";
		};
/* End PBXNativeTarget section */

/* Begin PBXProject section */
		FCB28EAC28D358A5008273D4 /* Project object */ = {
			isa = PBXProject;
			attributes = {
				BuildIndependentTargetsInParallel = 1;
				LastSwiftUpdateCheck = 1400;
				LastUpgradeCheck = 1400;
				TargetAttributes = {
					FCB28EB328D358A5008273D4 = {
						CreatedOnToolsVersion = 14.0;
					};
				};
			};
			buildConfigurationList = FCB28EAF28D358A5008273D4 /* Build configuration list for PBXProject "SmartCaptureDemo" */;
			compatibilityVersion = "Xcode 14.0";
			developmentRegion = en;
			hasScannedForEncodings = 0;
			knownRegions = (
				en,
				Base,
			);
			mainGroup = FCB28EAB28D358A5008273D4;
			packageReferences = (
			);
			productRefGroup = FCB28EB528D358A5008273D4 /* Products */;
			projectDirPath = "";
			projectRoot = "";
			targets = (
				FCB28EB328D358A5008273D4 /* SmartCaptureDemo */,
			);
		};
/* End PBXProject section */

/* Begin PBXResourcesBuildPhase section */
		FCB28EB228D358A5008273D4 /* Resources */ = {
			isa = PBXResourcesBuildPhase;
			buildActionMask = 2147483647;
			files = (
				878C0A5E2B8655E700781853 /* index.html in Resources */,
				FCB28EC428D358A7008273D4 /* LaunchScreen.storyboard in Resources */,
				FCD5369328DB50EA0037152A /* webview_script.js in Resources */,
				FCB28EC128D358A7008273D4 /* Assets.xcassets in Resources */,
			);
			runOnlyForDeploymentPostprocessing = 0;
		};
/* End PBXResourcesBuildPhase section */

/* Begin PBXShellScriptBuildPhase section */
		878C0A5F2B8E1AC700781853 /* Run Script */ = {
			isa = PBXShellScriptBuildPhase;
			buildActionMask = 2147483647;
			files = (
			);
			inputFileListPaths = (
			);
			inputPaths = (
			);
			name = "Run Script";
			outputFileListPaths = (
			);
			outputPaths = (
			);
			runOnlyForDeploymentPostprocessing = 0;
			shellPath = /bin/sh;
			shellScript = "./dot_env_ios.rb\n";
		};
/* End PBXShellScriptBuildPhase section */

/* Begin PBXSourcesBuildPhase section */
		878C0A522B86523300781853 /* Sources */ = {
			isa = PBXSourcesBuildPhase;
			buildActionMask = 2147483647;
			files = (
				878C0A5A2B86527800781853 /* ApiEndpoint.swift in Sources */,
				878C0A5B2B86527800781853 /* ApiManager.swift in Sources */,
				878C0A5C2B86527800781853 /* ApiManagerError.swift in Sources */,
				878C0A572B86525700781853 /* AppDelegate.swift in Sources */,
				878C0A582B86525700781853 /* SceneDelegate.swift in Sources */,
				878C0A592B86525700781853 /* WebViewViewController.swift in Sources */,
				878C0A532B86523F00781853 /* WebView.swift in Sources */,
				878C0A542B86523F00781853 /* MainVC.swift in Sources */,
				878C0A552B86523F00781853 /* HTTPURLResponse+Ext.swift in Sources */,
				878C0A562B86523F00781853 /* WebView+Ext.swift in Sources */,
			);
			runOnlyForDeploymentPostprocessing = 0;
		};
/* End PBXSourcesBuildPhase section */

/* Begin PBXVariantGroup section */
		FCB28EC228D358A7008273D4 /* LaunchScreen.storyboard */ = {
			isa = PBXVariantGroup;
			children = (
				FCB28EC328D358A7008273D4 /* Base */,
			);
			name = LaunchScreen.storyboard;
			sourceTree = "<group>";
		};
/* End PBXVariantGroup section */

/* Begin XCBuildConfiguration section */
		FCB28EC628D358A7008273D4 /* Debug */ = {
			isa = XCBuildConfiguration;
			buildSettings = {
				ALWAYS_SEARCH_USER_PATHS = NO;
				CLANG_ANALYZER_NONNULL = YES;
				CLANG_ANALYZER_NUMBER_OBJECT_CONVERSION = YES_AGGRESSIVE;
				CLANG_CXX_LANGUAGE_STANDARD = "gnu++20";
				CLANG_ENABLE_MODULES = YES;
				CLANG_ENABLE_OBJC_ARC = YES;
				CLANG_ENABLE_OBJC_WEAK = YES;
				CLANG_WARN_BLOCK_CAPTURE_AUTORELEASING = YES;
				CLANG_WARN_BOOL_CONVERSION = YES;
				CLANG_WARN_COMMA = YES;
				CLANG_WARN_CONSTANT_CONVERSION = YES;
				CLANG_WARN_DEPRECATED_OBJC_IMPLEMENTATIONS = YES;
				CLANG_WARN_DIRECT_OBJC_ISA_USAGE = YES_ERROR;
				CLANG_WARN_DOCUMENTATION_COMMENTS = YES;
				CLANG_WARN_EMPTY_BODY = YES;
				CLANG_WARN_ENUM_CONVERSION = YES;
				CLANG_WARN_INFINITE_RECURSION = YES;
				CLANG_WARN_INT_CONVERSION = YES;
				CLANG_WARN_NON_LITERAL_NULL_CONVERSION = YES;
				CLANG_WARN_OBJC_IMPLICIT_RETAIN_SELF = YES;
				CLANG_WARN_OBJC_LITERAL_CONVERSION = YES;
				CLANG_WARN_OBJC_ROOT_CLASS = YES_ERROR;
				CLANG_WARN_QUOTED_INCLUDE_IN_FRAMEWORK_HEADER = YES;
				CLANG_WARN_RANGE_LOOP_ANALYSIS = YES;
				CLANG_WARN_STRICT_PROTOTYPES = YES;
				CLANG_WARN_SUSPICIOUS_MOVE = YES;
				CLANG_WARN_UNGUARDED_AVAILABILITY = YES_AGGRESSIVE;
				CLANG_WARN_UNREACHABLE_CODE = YES;
				CLANG_WARN__DUPLICATE_METHOD_MATCH = YES;
				COPY_PHASE_STRIP = NO;
				DEBUG_INFORMATION_FORMAT = dwarf;
				ENABLE_STRICT_OBJC_MSGSEND = YES;
				ENABLE_TESTABILITY = YES;
				GCC_C_LANGUAGE_STANDARD = gnu11;
				GCC_DYNAMIC_NO_PIC = NO;
				GCC_NO_COMMON_BLOCKS = YES;
				GCC_OPTIMIZATION_LEVEL = 0;
				GCC_PREPROCESSOR_DEFINITIONS = (
					"DEBUG=1",
					"$(inherited)",
				);
				GCC_WARN_64_TO_32_BIT_CONVERSION = YES;
				GCC_WARN_ABOUT_RETURN_TYPE = YES_ERROR;
				GCC_WARN_UNDECLARED_SELECTOR = YES;
				GCC_WARN_UNINITIALIZED_AUTOS = YES_AGGRESSIVE;
				GCC_WARN_UNUSED_FUNCTION = YES;
				GCC_WARN_UNUSED_VARIABLE = YES;
				IPHONEOS_DEPLOYMENT_TARGET = 16.0;
				MTL_ENABLE_DEBUG_INFO = INCLUDE_SOURCE;
				MTL_FAST_MATH = YES;
				ONLY_ACTIVE_ARCH = YES;
				SDKROOT = iphoneos;
				SWIFT_ACTIVE_COMPILATION_CONDITIONS = DEBUG;
				SWIFT_OPTIMIZATION_LEVEL = "-Onone";
			};
			name = Debug;
		};
		FCB28EC728D358A7008273D4 /* Release */ = {
			isa = XCBuildConfiguration;
			buildSettings = {
				ALWAYS_SEARCH_USER_PATHS = NO;
				CLANG_ANALYZER_NONNULL = YES;
				CLANG_ANALYZER_NUMBER_OBJECT_CONVERSION = YES_AGGRESSIVE;
				CLANG_CXX_LANGUAGE_STANDARD = "gnu++20";
				CLANG_ENABLE_MODULES = YES;
				CLANG_ENABLE_OBJC_ARC = YES;
				CLANG_ENABLE_OBJC_WEAK = YES;
				CLANG_WARN_BLOCK_CAPTURE_AUTORELEASING = YES;
				CLANG_WARN_BOOL_CONVERSION = YES;
				CLANG_WARN_COMMA = YES;
				CLANG_WARN_CONSTANT_CONVERSION = YES;
				CLANG_WARN_DEPRECATED_OBJC_IMPLEMENTATIONS = YES;
				CLANG_WARN_DIRECT_OBJC_ISA_USAGE = YES_ERROR;
				CLANG_WARN_DOCUMENTATION_COMMENTS = YES;
				CLANG_WARN_EMPTY_BODY = YES;
				CLANG_WARN_ENUM_CONVERSION = YES;
				CLANG_WARN_INFINITE_RECURSION = YES;
				CLANG_WARN_INT_CONVERSION = YES;
				CLANG_WARN_NON_LITERAL_NULL_CONVERSION = YES;
				CLANG_WARN_OBJC_IMPLICIT_RETAIN_SELF = YES;
				CLANG_WARN_OBJC_LITERAL_CONVERSION = YES;
				CLANG_WARN_OBJC_ROOT_CLASS = YES_ERROR;
				CLANG_WARN_QUOTED_INCLUDE_IN_FRAMEWORK_HEADER = YES;
				CLANG_WARN_RANGE_LOOP_ANALYSIS = YES;
				CLANG_WARN_STRICT_PROTOTYPES = YES;
				CLANG_WARN_SUSPICIOUS_MOVE = YES;
				CLANG_WARN_UNGUARDED_AVAILABILITY = YES_AGGRESSIVE;
				CLANG_WARN_UNREACHABLE_CODE = YES;
				CLANG_WARN__DUPLICATE_METHOD_MATCH = YES;
				COPY_PHASE_STRIP = NO;
				DEBUG_INFORMATION_FORMAT = "dwarf-with-dsym";
				ENABLE_NS_ASSERTIONS = NO;
				ENABLE_STRICT_OBJC_MSGSEND = YES;
				GCC_C_LANGUAGE_STANDARD = gnu11;
				GCC_NO_COMMON_BLOCKS = YES;
				GCC_WARN_64_TO_32_BIT_CONVERSION = YES;
				GCC_WARN_ABOUT_RETURN_TYPE = YES_ERROR;
				GCC_WARN_UNDECLARED_SELECTOR = YES;
				GCC_WARN_UNINITIALIZED_AUTOS = YES_AGGRESSIVE;
				GCC_WARN_UNUSED_FUNCTION = YES;
				GCC_WARN_UNUSED_VARIABLE = YES;
				IPHONEOS_DEPLOYMENT_TARGET = 16.0;
				MTL_ENABLE_DEBUG_INFO = NO;
				MTL_FAST_MATH = YES;
				SDKROOT = iphoneos;
				SWIFT_COMPILATION_MODE = wholemodule;
				SWIFT_OPTIMIZATION_LEVEL = "-O";
				VALIDATE_PRODUCT = YES;
			};
			name = Release;
		};
		FCB28EC928D358A7008273D4 /* Debug */ = {
			isa = XCBuildConfiguration;
			buildSettings = {
				ASSETCATALOG_COMPILER_APPICON_NAME = AppIcon;
				ASSETCATALOG_COMPILER_GLOBAL_ACCENT_COLOR_NAME = AccentColor;
				CODE_SIGN_STYLE = Automatic;
				CURRENT_PROJECT_VERSION = 1;
				DEVELOPMENT_TEAM = 3DF7TM3Y9C;
				GENERATE_INFOPLIST_FILE = YES;
				INFOPLIST_FILE = SmartCaptureDemo/Info.plist;
				INFOPLIST_KEY_NSMicrophoneUsageDescription = "Permission needed for Onfido SDK work. You should add your own message here.";
				INFOPLIST_KEY_NSPhotoLibraryAddUsageDescription = "Permission needed for Onfido SDK work. You should add your own message here.";
				INFOPLIST_KEY_UIApplicationSupportsIndirectInputEvents = YES;
				INFOPLIST_KEY_UILaunchStoryboardName = LaunchScreen;
				INFOPLIST_KEY_UIMainStoryboardFile = "";
				INFOPLIST_KEY_UISupportedInterfaceOrientations_iPad = "UIInterfaceOrientationPortrait UIInterfaceOrientationPortraitUpsideDown UIInterfaceOrientationLandscapeLeft UIInterfaceOrientationLandscapeRight";
				INFOPLIST_KEY_UISupportedInterfaceOrientations_iPhone = "UIInterfaceOrientationPortrait UIInterfaceOrientationLandscapeLeft UIInterfaceOrientationLandscapeRight";
				LD_RUNPATH_SEARCH_PATHS = (
					"$(inherited)",
					"@executable_path/Frameworks",
				);
				MARKETING_VERSION = 1.0;
				NEW_SETTING = "";
				NEW_SETTING1 = "";
				PRODUCT_BUNDLE_IDENTIFIER = com.onfido.WebViewiOS;
				PRODUCT_NAME = "$(TARGET_NAME)";
				SWIFT_EMIT_LOC_STRINGS = YES;
				SWIFT_VERSION = 5.0;
				TARGETED_DEVICE_FAMILY = "1,2";
			};
			name = Debug;
		};
		FCB28ECA28D358A7008273D4 /* Release */ = {
			isa = XCBuildConfiguration;
			buildSettings = {
				ASSETCATALOG_COMPILER_APPICON_NAME = AppIcon;
				ASSETCATALOG_COMPILER_GLOBAL_ACCENT_COLOR_NAME = AccentColor;
				"CODE_SIGN_IDENTITY[sdk=iphoneos*]" = "iPhone Distribution";
				CODE_SIGN_STYLE = Manual;
				CURRENT_PROJECT_VERSION = 1;
				DEVELOPMENT_TEAM = "";
				"DEVELOPMENT_TEAM[sdk=iphoneos*]" = 2X946JA9UV;
				GENERATE_INFOPLIST_FILE = YES;
				INFOPLIST_FILE = SmartCaptureDemo/Info.plist;
				INFOPLIST_KEY_NSMicrophoneUsageDescription = "Permission needed for Onfido SDK work. You should add your own message here.";
				INFOPLIST_KEY_NSPhotoLibraryAddUsageDescription = "Permission needed for Onfido SDK work. You should add your own message here.";
				INFOPLIST_KEY_UIApplicationSupportsIndirectInputEvents = YES;
				INFOPLIST_KEY_UILaunchStoryboardName = LaunchScreen;
				INFOPLIST_KEY_UIMainStoryboardFile = "";
				INFOPLIST_KEY_UISupportedInterfaceOrientations_iPad = "UIInterfaceOrientationPortrait UIInterfaceOrientationPortraitUpsideDown UIInterfaceOrientationLandscapeLeft UIInterfaceOrientationLandscapeRight";
				INFOPLIST_KEY_UISupportedInterfaceOrientations_iPhone = "UIInterfaceOrientationPortrait UIInterfaceOrientationLandscapeLeft UIInterfaceOrientationLandscapeRight";
				LD_RUNPATH_SEARCH_PATHS = (
					"$(inherited)",
					"@executable_path/Frameworks",
				);
				MARKETING_VERSION = 1.0;
				NEW_SETTING = "";
				NEW_SETTING1 = "";
				PRODUCT_BUNDLE_IDENTIFIER = "com.onfido.smart-capture-demo-app";
				PRODUCT_NAME = "$(TARGET_NAME)";
				PROVISIONING_PROFILE_SPECIFIER = "";
				"PROVISIONING_PROFILE_SPECIFIER[sdk=iphoneos*]" = "smart-capture-demo-inhouse-pp";
				SWIFT_EMIT_LOC_STRINGS = YES;
				SWIFT_VERSION = 5.0;
				TARGETED_DEVICE_FAMILY = "1,2";
			};
			name = Release;
		};
/* End XCBuildConfiguration section */

/* Begin XCConfigurationList section */
		FCB28EAF28D358A5008273D4 /* Build configuration list for PBXProject "SmartCaptureDemo" */ = {
			isa = XCConfigurationList;
			buildConfigurations = (
				FCB28EC628D358A7008273D4 /* Debug */,
				FCB28EC728D358A7008273D4 /* Release */,
			);
			defaultConfigurationIsVisible = 0;
			defaultConfigurationName = Release;
		};
		FCB28EC828D358A7008273D4 /* Build configuration list for PBXNativeTarget "SmartCaptureDemo" */ = {
			isa = XCConfigurationList;
			buildConfigurations = (
				FCB28EC928D358A7008273D4 /* Debug */,
				FCB28ECA28D358A7008273D4 /* Release */,
			);
			defaultConfigurationIsVisible = 0;
			defaultConfigurationName = Release;
		};
/* End XCConfigurationList section */
	};
	rootObject = FCB28EAC28D358A5008273D4 /* Project object */;
}
